
Microsoft Visual Studio Solution File, Format Version 12.00
# Visual Studio Version 17
VisualStudioVersion = 17.0.31903.59
MinimumVisualStudioVersion = 10.0.40219.1
Project("{FAE04EC0-301F-11D3-BF4B-00C04F79EFBC}") = "GymPlusAPI.Domain", "src/GymPlusAPI.Domain\GymPlusAPI.Domain.csproj", "{F9E121A5-B0B6-4256-BF16-F6850BD251CF}"
EndProject
Project("{FAE04EC0-301F-11D3-BF4B-00C04F79EFBC}") = "GymPlusAPI.Application", "src/GymPlusAPI.Application\GymPlusAPI.Application.csproj", "{7C17A342-9ED5-4E8F-B792-317A10E4EB1E}"
EndProject
Project("{FAE04EC0-301F-11D3-BF4B-00C04F79EFBC}") = "GymPlusAPI.Infrastructure", "src/GymPlusAPI.Infrastructure\GymPlusAPI.Infrastructure.csproj", "{1E335B4B-CEE1-454D-9D8F-1980B7E80503}"
EndProject
Project("{FAE04EC0-301F-11D3-BF4B-00C04F79EFBC}") = "GymPlusAPI.API", "src/GymPlusAPI.API\GymPlusAPI.API.csproj", "{91CE6FB1-355B-4169-B9AB-2A7AC9B75FA7}"
EndProject
Global
	GlobalSection(SolutionConfigurationPlatforms) = preSolution
		Debug|Any CPU = Debug|Any CPU
		Debug|x64 = Debug|x64
		Debug|x86 = Debug|x86
		Release|Any CPU = Release|Any CPU
		Release|x64 = Release|x64
		Release|x86 = Release|x86
	EndGlobalSection
	GlobalSection(ProjectConfigurationPlatforms) = postSolution
		{F9E121A5-B0B6-4256-BF16-F6850BD251CF}.Debug|Any CPU.ActiveCfg = Debug|Any CPU
		{F9E121A5-B0B6-4256-BF16-F6850BD251CF}.Debug|Any CPU.Build.0 = Debug|Any CPU
		{F9E121A5-B0B6-4256-BF16-F6850BD251CF}.Debug|x64.ActiveCfg = Debug|Any CPU
		{F9E121A5-B0B6-4256-BF16-F6850BD251CF}.Debug|x64.Build.0 = Debug|Any CPU
		{F9E121A5-B0B6-4256-BF16-F6850BD251CF}.Debug|x86.ActiveCfg = Debug|Any CPU
		{F9E121A5-B0B6-4256-BF16-F6850BD251CF}.Debug|x86.Build.0 = Debug|Any CPU
		{F9E121A5-B0B6-4256-BF16-F6850BD251CF}.Release|Any CPU.ActiveCfg = Release|Any CPU
		{F9E121A5-B0B6-4256-BF16-F6850BD251CF}.Release|Any CPU.Build.0 = Release|Any CPU
		{F9E121A5-B0B6-4256-BF16-F6850BD251CF}.Release|x64.ActiveCfg = Release|Any CPU
		{F9E121A5-B0B6-4256-BF16-F6850BD251CF}.Release|x64.Build.0 = Release|Any CPU
		{F9E121A5-B0B6-4256-BF16-F6850BD251CF}.Release|x86.ActiveCfg = Release|Any CPU
		{F9E121A5-B0B6-4256-BF16-F6850BD251CF}.Release|x86.Build.0 = Release|Any CPU
		{7C17A342-9ED5-4E8F-B792-317A10E4EB1E}.Debug|Any CPU.ActiveCfg = Debug|Any CPU
		{7C17A342-9ED5-4E8F-B792-317A10E4EB1E}.Debug|Any CPU.Build.0 = Debug|Any CPU
		{7C17A342-9ED5-4E8F-B792-317A10E4EB1E}.Debug|x64.ActiveCfg = Debug|Any CPU
		{7C17A342-9ED5-4E8F-B792-317A10E4EB1E}.Debug|x64.Build.0 = Debug|Any CPU
		{7C17A342-9ED5-4E8F-B792-317A10E4EB1E}.Debug|x86.ActiveCfg = Debug|Any CPU
		{7C17A342-9ED5-4E8F-B792-317A10E4EB1E}.Debug|x86.Build.0 = Debug|Any CPU
		{7C17A342-9ED5-4E8F-B792-317A10E4EB1E}.Release|Any CPU.ActiveCfg = Release|Any CPU
		{7C17A342-9ED5-4E8F-B792-317A10E4EB1E}.Release|Any CPU.Build.0 = Release|Any CPU
		{7C17A342-9ED5-4E8F-B792-317A10E4EB1E}.Release|x64.ActiveCfg = Release|Any CPU
		{7C17A342-9ED5-4E8F-B792-317A10E4EB1E}.Release|x64.Build.0 = Release|Any CPU
		{7C17A342-9ED5-4E8F-B792-317A10E4EB1E}.Release|x86.ActiveCfg = Release|Any CPU
		{7C17A342-9ED5-4E8F-B792-317A10E4EB1E}.Release|x86.Build.0 = Release|Any CPU
		{1E335B4B-CEE1-454D-9D8F-1980B7E80503}.Debug|Any CPU.ActiveCfg = Debug|Any CPU
		{1E335B4B-CEE1-454D-9D8F-1980B7E80503}.Debug|Any CPU.Build.0 = Debug|Any CPU
		{1E335B4B-CEE1-454D-9D8F-1980B7E80503}.Debug|x64.ActiveCfg = Debug|Any CPU
		{1E335B4B-CEE1-454D-9D8F-1980B7E80503}.Debug|x64.Build.0 = Debug|Any CPU
		{1E335B4B-CEE1-454D-9D8F-1980B7E80503}.Debug|x86.ActiveCfg = Debug|Any CPU
		{1E335B4B-CEE1-454D-9D8F-1980B7E80503}.Debug|x86.Build.0 = Debug|Any CPU
		{1E335B4B-CEE1-454D-9D8F-1980B7E80503}.Release|Any CPU.ActiveCfg = Release|Any CPU
		{1E335B4B-CEE1-454D-9D8F-1980B7E80503}.Release|Any CPU.Build.0 = Release|Any CPU
		{1E335B4B-CEE1-454D-9D8F-1980B7E80503}.Release|x64.ActiveCfg = Release|Any CPU
		{1E335B4B-CEE1-454D-9D8F-1980B7E80503}.Release|x64.Build.0 = Release|Any CPU
		{1E335B4B-CEE1-454D-9D8F-1980B7E80503}.Release|x86.ActiveCfg = Release|Any CPU
		{1E335B4B-CEE1-454D-9D8F-1980B7E80503}.Release|x86.Build.0 = Release|Any CPU
		{91CE6FB1-355B-4169-B9AB-2A7AC9B75FA7}.Debug|Any CPU.ActiveCfg = Debug|Any CPU
		{91CE6FB1-355B-4169-B9AB-2A7AC9B75FA7}.Debug|Any CPU.Build.0 = Debug|Any CPU
		{91CE6FB1-355B-4169-B9AB-2A7AC9B75FA7}.Debug|x64.ActiveCfg = Debug|Any CPU
		{91CE6FB1-355B-4169-B9AB-2A7AC9B75FA7}.Debug|x64.Build.0 = Debug|Any CPU
		{91CE6FB1-355B-4169-B9AB-2A7AC9B75FA7}.Debug|x86.ActiveCfg = Debug|Any CPU
		{91CE6FB1-355B-4169-B9AB-2A7AC9B75FA7}.Debug|x86.Build.0 = Debug|Any CPU
		{91CE6FB1-355B-4169-B9AB-2A7AC9B75FA7}.Release|Any CPU.ActiveCfg = Release|Any CPU
		{91CE6FB1-355B-4169-B9AB-2A7AC9B75FA7}.Release|Any CPU.Build.0 = Release|Any CPU
		{91CE6FB1-355B-4169-B9AB-2A7AC9B75FA7}.Release|x64.ActiveCfg = Release|Any CPU
		{91CE6FB1-355B-4169-B9AB-2A7AC9B75FA7}.Release|x64.Build.0 = Release|Any CPU
		{91CE6FB1-355B-4169-B9AB-2A7AC9B75FA7}.Release|x86.ActiveCfg = Release|Any CPU
		{91CE6FB1-355B-4169-B9AB-2A7AC9B75FA7}.Release|x86.Build.0 = Release|Any CPU
	EndGlobalSection
	GlobalSection(SolutionProperties) = preSolution
		HideSolutionNode = FALSE
	EndGlobalSection
EndGlobal
